---
lockVersion: 1.0.0
dependencies:
  codeql/controlflow:
    version: 2.0.7
  codeql/dataflow:
    version: 2.0.7
  codeql/mad:
    version: 1.0.23
  codeql/regex:
    version: 1.0.23
  codeql/ssa:
    version: 1.1.2
  codeql/swift-all:
    version: 4.3.0
  codeql/tutorial:
    version: 1.0.23
  codeql/typetracking:
    version: 2.0.7
  codeql/util:
    version: 2.0.10
compiled: false
